
Microsoft Visual Studio Solution File, Format Version 12.00
# Visual Studio Express 2013 for Windows Desktop
VisualStudioVersion = 12.0.21005.1
MinimumVisualStudioVersion = 10.0.40219.1
Project("{F184B08F-C81C-45F6-A57F-5ABD9991F28F}") = "ConsoleVarLife1", "ConsoleVarLife1.vbproj", "{8A89F995-77C9-4D32-ACBD-2191C9EFE7FB}"
EndProject
Global
	GlobalSection(SolutionConfigurationPlatforms) = preSolution
		Debug|x86 = Debug|x86
		Release|x86 = Release|x86
	EndGlobalSection
	GlobalSection(ProjectConfigurationPlatforms) = postSolution
		{8A89F995-77C9-4D32-ACBD-2191C9EFE7FB}.Debug|x86.ActiveCfg = Debug|x86
		{8A89F995-77C9-4D32-ACBD-2191C9EFE7FB}.Debug|x86.Build.0 = Debug|x86
		{8A89F995-77C9-4D32-ACBD-2191C9EFE7FB}.Release|x86.ActiveCfg = Release|x86
		{8A89F995-77C9-4D32-ACBD-2191C9EFE7FB}.Release|x86.Build.0 = Release|x86
	EndGlobalSection
	GlobalSection(SolutionProperties) = preSolution
		HideSolutionNode = FALSE
	EndGlobalSection
EndGlobal
